
Microsoft Visual Studio Solution File, Format Version 12.00
# Visual Studio Version 17
VisualStudioVersion = 17.8.34525.116
MinimumVisualStudioVersion = 10.0.40219.1
Project("{FAE04EC0-301F-11D3-BF4B-00C04F79EFBC}") = "PerformanceOfRecordStruct", "PerformanceOfRecordStruct.csproj", "{08F633F3-2833-4184-95AC-1249A1645690}"
EndProject
Global
	GlobalSection(SolutionConfigurationPlatforms) = preSolution
		Debug|Any CPU = Debug|Any CPU
		Release|Any CPU = Release|Any CPU
	EndGlobalSection
	GlobalSection(ProjectConfigurationPlatforms) = postSolution
		{08F633F3-2833-4184-95AC-1249A1645690}.Debug|Any CPU.ActiveCfg = Debug|Any CPU
		{08F633F3-2833-4184-95AC-1249A1645690}.Debug|Any CPU.Build.0 = Debug|Any CPU
		{08F633F3-2833-4184-95AC-1249A1645690}.Release|Any CPU.ActiveCfg = Release|Any CPU
		{08F633F3-2833-4184-95AC-1249A1645690}.Release|Any CPU.Build.0 = Release|Any CPU
	EndGlobalSection
	GlobalSection(SolutionProperties) = preSolution
		HideSolutionNode = FALSE
	EndGlobalSection
	GlobalSection(ExtensibilityGlobals) = postSolution
		SolutionGuid = {AB00D9B2-08AB-47D2-8504-D168828EE167}
	EndGlobalSection
EndGlobal
